{
  "name": "isa-chatbot",
  "version": "1.0.0",
  "lockfileVersion": 2,
  "requires": true,
  "packages": {
    "": {
      "version": "1.0.0",
      "license": "MIT",
      "dependencies": {
        "about-words": "^1.0.3"
      }
    },
    "node_modules/about-words": {
      "version": "1.0.3",
      "resolved": "https://registry.npmjs.org/about-words/-/about-words-1.0.3.tgz",
      "integrity": "sha512-jy674vZD6o1ryr0vMCQaLUPZaN4v+AmkMgaPCL9I6V5bqyTx/4fxifcG2CLMjZVHy1LMlxDJB0wKXhh/mQPehw=="
    }
  },
  "dependencies": {
    "about-words": {
      "version": "1.0.3",
      "resolved": "https://registry.npmjs.org/about-words/-/about-words-1.0.3.tgz",
      "integrity": "sha512-jy674vZD6o1ryr0vMCQaLUPZaN4v+AmkMgaPCL9I6V5bqyTx/4fxifcG2CLMjZVHy1LMlxDJB0wKXhh/mQPehw=="
    }
  }
}
